
Microsoft Visual Studio Solution File, Format Version 12.00
# Visual Studio 15
VisualStudioVersion = 15.0.27130.0
MinimumVisualStudioVersion = 10.0.40219.1
Project("{FAE04EC0-301F-11D3-BF4B-00C04F79EFBC}") = "RxUI.Forms.Android", "RxUI.Forms.Android\RxUI.Forms.Android.csproj", "{A803AB64-B1CC-4D1E-87F1-E26D2C9A49E0}"
EndProject
Project("{FAE04EC0-301F-11D3-BF4B-00C04F79EFBC}") = "RxUI.Forms.iOS", "RxUI.Forms.iOS\RxUI.Forms.iOS.csproj", "{B0D1E8D1-CF0A-400A-827F-997801D52D7D}"
EndProject
Project("{FAE04EC0-301F-11D3-BF4B-00C04F79EFBC}") = "RxUI.Forms.UWP", "RxUI.Forms.UWP\RxUI.Forms.UWP.csproj", "{559B5542-481F-4FA2-8A39-3419C677434D}"
EndProject
Project("{9A19103F-16F7-4668-BE54-9A1E7A4F7556}") = "RxUI.Forms.Core", "RxUI.Forms.Core\RxUI.Forms.Core.csproj", "{599B945A-23D0-424C-BF73-7BEB098AD660}"
EndProject
Project("{9A19103F-16F7-4668-BE54-9A1E7A4F7556}") = "RxUI.WPF.Core", "RxUI.WPF.Core\RxUI.WPF.Core.csproj", "{5C4C321E-6697-4469-B6E4-B64460B32BB0}"
EndProject
Project("{FAE04EC0-301F-11D3-BF4B-00C04F79EFBC}") = "RxUI.WPF", "RxUI.WPF\RxUI.WPF.csproj", "{77E4D61B-D66C-485B-B6C9-1AF5F05D0184}"
EndProject
Project("{FAE04EC0-301F-11D3-BF4B-00C04F79EFBC}") = "RxUI.UWP", "RxUI.UWP\RxUI.UWP.csproj", "{A165AA77-FA73-4883-84DA-E7B76B509C70}"
EndProject
Project("{9A19103F-16F7-4668-BE54-9A1E7A4F7556}") = "RxUI.UWP.Core", "RxUI.UWP.Core\RxUI.UWP.Core.csproj", "{6579ED62-AA0D-4E3E-B04B-882BEB3AE9E1}"
EndProject
Global
	GlobalSection(SolutionConfigurationPlatforms) = preSolution
		Ad-Hoc|Any CPU = Ad-Hoc|Any CPU
		Ad-Hoc|ARM = Ad-Hoc|ARM
		Ad-Hoc|iPhone = Ad-Hoc|iPhone
		Ad-Hoc|iPhoneSimulator = Ad-Hoc|iPhoneSimulator
		Ad-Hoc|x64 = Ad-Hoc|x64
		Ad-Hoc|x86 = Ad-Hoc|x86
		AppStore|Any CPU = AppStore|Any CPU
		AppStore|ARM = AppStore|ARM
		AppStore|iPhone = AppStore|iPhone
		AppStore|iPhoneSimulator = AppStore|iPhoneSimulator
		AppStore|x64 = AppStore|x64
		AppStore|x86 = AppStore|x86
		Debug|Any CPU = Debug|Any CPU
		Debug|ARM = Debug|ARM
		Debug|iPhone = Debug|iPhone
		Debug|iPhoneSimulator = Debug|iPhoneSimulator
		Debug|x64 = Debug|x64
		Debug|x86 = Debug|x86
		Release|Any CPU = Release|Any CPU
		Release|ARM = Release|ARM
		Release|iPhone = Release|iPhone
		Release|iPhoneSimulator = Release|iPhoneSimulator
		Release|x64 = Release|x64
		Release|x86 = Release|x86
	EndGlobalSection
	GlobalSection(ProjectConfigurationPlatforms) = postSolution
		{A803AB64-B1CC-4D1E-87F1-E26D2C9A49E0}.Ad-Hoc|Any CPU.ActiveCfg = Release|Any CPU
		{A803AB64-B1CC-4D1E-87F1-E26D2C9A49E0}.Ad-Hoc|Any CPU.Build.0 = Release|Any CPU
		{A803AB64-B1CC-4D1E-87F1-E26D2C9A49E0}.Ad-Hoc|Any CPU.Deploy.0 = Release|Any CPU
		{A803AB64-B1CC-4D1E-87F1-E26D2C9A49E0}.Ad-Hoc|ARM.ActiveCfg = Release|Any CPU
		{A803AB64-B1CC-4D1E-87F1-E26D2C9A49E0}.Ad-Hoc|ARM.Build.0 = Release|Any CPU
		{A803AB64-B1CC-4D1E-87F1-E26D2C9A49E0}.Ad-Hoc|ARM.Deploy.0 = Release|Any CPU
		{A803AB64-B1CC-4D1E-87F1-E26D2C9A49E0}.Ad-Hoc|iPhone.ActiveCfg = Release|Any CPU
		{A803AB64-B1CC-4D1E-87F1-E26D2C9A49E0}.Ad-Hoc|iPhone.Build.0 = Release|Any CPU
		{A803AB64-B1CC-4D1E-87F1-E26D2C9A49E0}.Ad-Hoc|iPhone.Deploy.0 = Release|Any CPU
		{A803AB64-B1CC-4D1E-87F1-E26D2C9A49E0}.Ad-Hoc|iPhoneSimulator.ActiveCfg = Release|Any CPU
		{A803AB64-B1CC-4D1E-87F1-E26D2C9A49E0}.Ad-Hoc|iPhoneSimulator.Build.0 = Release|Any CPU
		{A803AB64-B1CC-4D1E-87F1-E26D2C9A49E0}.Ad-Hoc|iPhoneSimulator.Deploy.0 = Release|Any CPU
		{A803AB64-B1CC-4D1E-87F1-E26D2C9A49E0}.Ad-Hoc|x64.ActiveCfg = Release|Any CPU
		{A803AB64-B1CC-4D1E-87F1-E26D2C9A49E0}.Ad-Hoc|x64.Build.0 = Release|Any CPU
		{A803AB64-B1CC-4D1E-87F1-E26D2C9A49E0}.Ad-Hoc|x64.Deploy.0 = Release|Any CPU
		{A803AB64-B1CC-4D1E-87F1-E26D2C9A49E0}.Ad-Hoc|x86.ActiveCfg = Release|Any CPU
		{A803AB64-B1CC-4D1E-87F1-E26D2C9A49E0}.Ad-Hoc|x86.Build.0 = Release|Any CPU
		{A803AB64-B1CC-4D1E-87F1-E26D2C9A49E0}.Ad-Hoc|x86.Deploy.0 = Release|Any CPU
		{A803AB64-B1CC-4D1E-87F1-E26D2C9A49E0}.AppStore|Any CPU.ActiveCfg = Release|Any CPU
		{A803AB64-B1CC-4D1E-87F1-E26D2C9A49E0}.AppStore|Any CPU.Build.0 = Release|Any CPU
		{A803AB64-B1CC-4D1E-87F1-E26D2C9A49E0}.AppStore|Any CPU.Deploy.0 = Release|Any CPU
		{A803AB64-B1CC-4D1E-87F1-E26D2C9A49E0}.AppStore|ARM.ActiveCfg = Release|Any CPU
		{A803AB64-B1CC-4D1E-87F1-E26D2C9A49E0}.AppStore|ARM.Build.0 = Release|Any CPU
		{A803AB64-B1CC-4D1E-87F1-E26D2C9A49E0}.AppStore|ARM.Deploy.0 = Release|Any CPU
		{A803AB64-B1CC-4D1E-87F1-E26D2C9A49E0}.AppStore|iPhone.ActiveCfg = Release|Any CPU
		{A803AB64-B1CC-4D1E-87F1-E26D2C9A49E0}.AppStore|iPhone.Build.0 = Release|Any CPU
		{A803AB64-B1CC-4D1E-87F1-E26D2C9A49E0}.AppStore|iPhone.Deploy.0 = Release|Any CPU
		{A803AB64-B1CC-4D1E-87F1-E26D2C9A49E0}.AppStore|iPhoneSimulator.ActiveCfg = Release|Any CPU
		{A803AB64-B1CC-4D1E-87F1-E26D2C9A49E0}.AppStore|iPhoneSimulator.Build.0 = Release|Any CPU
		{A803AB64-B1CC-4D1E-87F1-E26D2C9A49E0}.AppStore|iPhoneSimulator.Deploy.0 = Release|Any CPU
		{A803AB64-B1CC-4D1E-87F1-E26D2C9A49E0}.AppStore|x64.ActiveCfg = Release|Any CPU
		{A803AB64-B1CC-4D1E-87F1-E26D2C9A49E0}.AppStore|x64.Build.0 = Release|Any CPU
		{A803AB64-B1CC-4D1E-87F1-E26D2C9A49E0}.AppStore|x64.Deploy.0 = Release|Any CPU
		{A803AB64-B1CC-4D1E-87F1-E26D2C9A49E0}.AppStore|x86.ActiveCfg = Release|Any CPU
		{A803AB64-B1CC-4D1E-87F1-E26D2C9A49E0}.AppStore|x86.Build.0 = Release|Any CPU
		{A803AB64-B1CC-4D1E-87F1-E26D2C9A49E0}.AppStore|x86.Deploy.0 = Release|Any CPU
		{A803AB64-B1CC-4D1E-87F1-E26D2C9A49E0}.Debug|Any CPU.ActiveCfg = Debug|Any CPU
		{A803AB64-B1CC-4D1E-87F1-E26D2C9A49E0}.Debug|Any CPU.Build.0 = Debug|Any CPU
		{A803AB64-B1CC-4D1E-87F1-E26D2C9A49E0}.Debug|Any CPU.Deploy.0 = Debug|Any CPU
		{A803AB64-B1CC-4D1E-87F1-E26D2C9A49E0}.Debug|ARM.ActiveCfg = Debug|Any CPU
		{A803AB64-B1CC-4D1E-87F1-E26D2C9A49E0}.Debug|ARM.Build.0 = Debug|Any CPU
		{A803AB64-B1CC-4D1E-87F1-E26D2C9A49E0}.Debug|ARM.Deploy.0 = Debug|Any CPU
		{A803AB64-B1CC-4D1E-87F1-E26D2C9A49E0}.Debug|iPhone.ActiveCfg = Debug|Any CPU
		{A803AB64-B1CC-4D1E-87F1-E26D2C9A49E0}.Debug|iPhone.Build.0 = Debug|Any CPU
		{A803AB64-B1CC-4D1E-87F1-E26D2C9A49E0}.Debug|iPhone.Deploy.0 = Debug|Any CPU
		{A803AB64-B1CC-4D1E-87F1-E26D2C9A49E0}.Debug|iPhoneSimulator.ActiveCfg = Debug|Any CPU
		{A803AB64-B1CC-4D1E-87F1-E26D2C9A49E0}.Debug|iPhoneSimulator.Build.0 = Debug|Any CPU
		{A803AB64-B1CC-4D1E-87F1-E26D2C9A49E0}.Debug|iPhoneSimulator.Deploy.0 = Debug|Any CPU
		{A803AB64-B1CC-4D1E-87F1-E26D2C9A49E0}.Debug|x64.ActiveCfg = Debug|Any CPU
		{A803AB64-B1CC-4D1E-87F1-E26D2C9A49E0}.Debug|x64.Build.0 = Debug|Any CPU
		{A803AB64-B1CC-4D1E-87F1-E26D2C9A49E0}.Debug|x64.Deploy.0 = Debug|Any CPU
		{A803AB64-B1CC-4D1E-87F1-E26D2C9A49E0}.Debug|x86.ActiveCfg = Debug|Any CPU
		{A803AB64-B1CC-4D1E-87F1-E26D2C9A49E0}.Debug|x86.Build.0 = Debug|Any CPU
		{A803AB64-B1CC-4D1E-87F1-E26D2C9A49E0}.Debug|x86.Deploy.0 = Debug|Any CPU
		{A803AB64-B1CC-4D1E-87F1-E26D2C9A49E0}.Release|Any CPU.ActiveCfg = Release|Any CPU
		{A803AB64-B1CC-4D1E-87F1-E26D2C9A49E0}.Release|Any CPU.Build.0 = Release|Any CPU
		{A803AB64-B1CC-4D1E-87F1-E26D2C9A49E0}.Release|Any CPU.Deploy.0 = Release|Any CPU
		{A803AB64-B1CC-4D1E-87F1-E26D2C9A49E0}.Release|ARM.ActiveCfg = Release|Any CPU
		{A803AB64-B1CC-4D1E-87F1-E26D2C9A49E0}.Release|ARM.Build.0 = Release|Any CPU
		{A803AB64-B1CC-4D1E-87F1-E26D2C9A49E0}.Release|ARM.Deploy.0 = Release|Any CPU
		{A803AB64-B1CC-4D1E-87F1-E26D2C9A49E0}.Release|iPhone.ActiveCfg = Release|Any CPU
		{A803AB64-B1CC-4D1E-87F1-E26D2C9A49E0}.Release|iPhone.Build.0 = Release|Any CPU
		{A803AB64-B1CC-4D1E-87F1-E26D2C9A49E0}.Release|iPhone.Deploy.0 = Release|Any CPU
		{A803AB64-B1CC-4D1E-87F1-E26D2C9A49E0}.Release|iPhoneSimulator.ActiveCfg = Release|Any CPU
		{A803AB64-B1CC-4D1E-87F1-E26D2C9A49E0}.Release|iPhoneSimulator.Build.0 = Release|Any CPU
		{A803AB64-B1CC-4D1E-87F1-E26D2C9A49E0}.Release|iPhoneSimulator.Deploy.0 = Release|Any CPU
		{A803AB64-B1CC-4D1E-87F1-E26D2C9A49E0}.Release|x64.ActiveCfg = Release|Any CPU
		{A803AB64-B1CC-4D1E-87F1-E26D2C9A49E0}.Release|x64.Build.0 = Release|Any CPU
		{A803AB64-B1CC-4D1E-87F1-E26D2C9A49E0}.Release|x64.Deploy.0 = Release|Any CPU
		{A803AB64-B1CC-4D1E-87F1-E26D2C9A49E0}.Release|x86.ActiveCfg = Release|Any CPU
		{A803AB64-B1CC-4D1E-87F1-E26D2C9A49E0}.Release|x86.Build.0 = Release|Any CPU
		{A803AB64-B1CC-4D1E-87F1-E26D2C9A49E0}.Release|x86.Deploy.0 = Release|Any CPU
		{B0D1E8D1-CF0A-400A-827F-997801D52D7D}.Ad-Hoc|Any CPU.ActiveCfg = Ad-Hoc|iPhone
		{B0D1E8D1-CF0A-400A-827F-997801D52D7D}.Ad-Hoc|ARM.ActiveCfg = Ad-Hoc|iPhone
		{B0D1E8D1-CF0A-400A-827F-997801D52D7D}.Ad-Hoc|iPhone.ActiveCfg = Ad-Hoc|iPhone
		{B0D1E8D1-CF0A-400A-827F-997801D52D7D}.Ad-Hoc|iPhone.Build.0 = Ad-Hoc|iPhone
		{B0D1E8D1-CF0A-400A-827F-997801D52D7D}.Ad-Hoc|iPhoneSimulator.ActiveCfg = Ad-Hoc|iPhoneSimulator
		{B0D1E8D1-CF0A-400A-827F-997801D52D7D}.Ad-Hoc|iPhoneSimulator.Build.0 = Ad-Hoc|iPhoneSimulator
		{B0D1E8D1-CF0A-400A-827F-997801D52D7D}.Ad-Hoc|x64.ActiveCfg = Ad-Hoc|iPhone
		{B0D1E8D1-CF0A-400A-827F-997801D52D7D}.Ad-Hoc|x86.ActiveCfg = Ad-Hoc|iPhone
		{B0D1E8D1-CF0A-400A-827F-997801D52D7D}.AppStore|Any CPU.ActiveCfg = AppStore|iPhone
		{B0D1E8D1-CF0A-400A-827F-997801D52D7D}.AppStore|ARM.ActiveCfg = AppStore|iPhone
		{B0D1E8D1-CF0A-400A-827F-997801D52D7D}.AppStore|iPhone.ActiveCfg = AppStore|iPhone
		{B0D1E8D1-CF0A-400A-827F-997801D52D7D}.AppStore|iPhone.Build.0 = AppStore|iPhone
		{B0D1E8D1-CF0A-400A-827F-997801D52D7D}.AppStore|iPhoneSimulator.ActiveCfg = AppStore|iPhoneSimulator
		{B0D1E8D1-CF0A-400A-827F-997801D52D7D}.AppStore|iPhoneSimulator.Build.0 = AppStore|iPhoneSimulator
		{B0D1E8D1-CF0A-400A-827F-997801D52D7D}.AppStore|x64.ActiveCfg = AppStore|iPhone
		{B0D1E8D1-CF0A-400A-827F-997801D52D7D}.AppStore|x86.ActiveCfg = AppStore|iPhone
		{B0D1E8D1-CF0A-400A-827F-997801D52D7D}.Debug|Any CPU.ActiveCfg = Debug|iPhone
		{B0D1E8D1-CF0A-400A-827F-997801D52D7D}.Debug|ARM.ActiveCfg = Debug|iPhone
		{B0D1E8D1-CF0A-400A-827F-997801D52D7D}.Debug|iPhone.ActiveCfg = Debug|iPhone
		{B0D1E8D1-CF0A-400A-827F-997801D52D7D}.Debug|iPhone.Build.0 = Debug|iPhone
		{B0D1E8D1-CF0A-400A-827F-997801D52D7D}.Debug|iPhoneSimulator.ActiveCfg = Debug|iPhoneSimulator
		{B0D1E8D1-CF0A-400A-827F-997801D52D7D}.Debug|iPhoneSimulator.Build.0 = Debug|iPhoneSimulator
		{B0D1E8D1-CF0A-400A-827F-997801D52D7D}.Debug|x64.ActiveCfg = Debug|iPhone
		{B0D1E8D1-CF0A-400A-827F-997801D52D7D}.Debug|x86.ActiveCfg = Debug|iPhone
		{B0D1E8D1-CF0A-400A-827F-997801D52D7D}.Release|Any CPU.ActiveCfg = Release|iPhone
		{B0D1E8D1-CF0A-400A-827F-997801D52D7D}.Release|ARM.ActiveCfg = Release|iPhone
		{B0D1E8D1-CF0A-400A-827F-997801D52D7D}.Release|iPhone.ActiveCfg = Release|iPhone
		{B0D1E8D1-CF0A-400A-827F-997801D52D7D}.Release|iPhone.Build.0 = Release|iPhone
		{B0D1E8D1-CF0A-400A-827F-997801D52D7D}.Release|iPhoneSimulator.ActiveCfg = Release|iPhoneSimulator
		{B0D1E8D1-CF0A-400A-827F-997801D52D7D}.Release|iPhoneSimulator.Build.0 = Release|iPhoneSimulator
		{B0D1E8D1-CF0A-400A-827F-997801D52D7D}.Release|x64.ActiveCfg = Release|iPhone
		{B0D1E8D1-CF0A-400A-827F-997801D52D7D}.Release|x86.ActiveCfg = Release|iPhone
		{559B5542-481F-4FA2-8A39-3419C677434D}.Ad-Hoc|Any CPU.ActiveCfg = Release|x86
		{559B5542-481F-4FA2-8A39-3419C677434D}.Ad-Hoc|Any CPU.Build.0 = Release|x86
		{559B5542-481F-4FA2-8A39-3419C677434D}.Ad-Hoc|Any CPU.Deploy.0 = Release|x86
		{559B5542-481F-4FA2-8A39-3419C677434D}.Ad-Hoc|ARM.ActiveCfg = Release|ARM
		{559B5542-481F-4FA2-8A39-3419C677434D}.Ad-Hoc|ARM.Build.0 = Release|ARM
		{559B5542-481F-4FA2-8A39-3419C677434D}.Ad-Hoc|ARM.Deploy.0 = Release|ARM
		{559B5542-481F-4FA2-8A39-3419C677434D}.Ad-Hoc|iPhone.ActiveCfg = Release|x86
		{559B5542-481F-4FA2-8A39-3419C677434D}.Ad-Hoc|iPhone.Build.0 = Release|x86
		{559B5542-481F-4FA2-8A39-3419C677434D}.Ad-Hoc|iPhone.Deploy.0 = Release|x86
		{559B5542-481F-4FA2-8A39-3419C677434D}.Ad-Hoc|iPhoneSimulator.ActiveCfg = Release|x86
		{559B5542-481F-4FA2-8A39-3419C677434D}.Ad-Hoc|iPhoneSimulator.Build.0 = Release|x86
		{559B5542-481F-4FA2-8A39-3419C677434D}.Ad-Hoc|iPhoneSimulator.Deploy.0 = Release|x86
		{559B5542-481F-4FA2-8A39-3419C677434D}.Ad-Hoc|x64.ActiveCfg = Release|x64
		{559B5542-481F-4FA2-8A39-3419C677434D}.Ad-Hoc|x64.Build.0 = Release|x64
		{559B5542-481F-4FA2-8A39-3419C677434D}.Ad-Hoc|x64.Deploy.0 = Release|x64
		{559B5542-481F-4FA2-8A39-3419C677434D}.Ad-Hoc|x86.ActiveCfg = Release|x86
		{559B5542-481F-4FA2-8A39-3419C677434D}.Ad-Hoc|x86.Build.0 = Release|x86
		{559B5542-481F-4FA2-8A39-3419C677434D}.Ad-Hoc|x86.Deploy.0 = Release|x86
		{559B5542-481F-4FA2-8A39-3419C677434D}.AppStore|Any CPU.ActiveCfg = Release|x86
		{559B5542-481F-4FA2-8A39-3419C677434D}.AppStore|Any CPU.Build.0 = Release|x86
		{559B5542-481F-4FA2-8A39-3419C677434D}.AppStore|Any CPU.Deploy.0 = Release|x86
		{559B5542-481F-4FA2-8A39-3419C677434D}.AppStore|ARM.ActiveCfg = Release|ARM
		{559B5542-481F-4FA2-8A39-3419C677434D}.AppStore|ARM.Build.0 = Release|ARM
		{559B5542-481F-4FA2-8A39-3419C677434D}.AppStore|ARM.Deploy.0 = Release|ARM
		{559B5542-481F-4FA2-8A39-3419C677434D}.AppStore|iPhone.ActiveCfg = Release|x86
		{559B5542-481F-4FA2-8A39-3419C677434D}.AppStore|iPhone.Build.0 = Release|x86
		{559B5542-481F-4FA2-8A39-3419C677434D}.AppStore|iPhone.Deploy.0 = Release|x86
		{559B5542-481F-4FA2-8A39-3419C677434D}.AppStore|iPhoneSimulator.ActiveCfg = Release|x86
		{559B5542-481F-4FA2-8A39-3419C677434D}.AppStore|iPhoneSimulator.Build.0 = Release|x86
		{559B5542-481F-4FA2-8A39-3419C677434D}.AppStore|iPhoneSimulator.Deploy.0 = Release|x86
		{559B5542-481F-4FA2-8A39-3419C677434D}.AppStore|x64.ActiveCfg = Release|x64
		{559B5542-481F-4FA2-8A39-3419C677434D}.AppStore|x64.Build.0 = Release|x64
		{559B5542-481F-4FA2-8A39-3419C677434D}.AppStore|x64.Deploy.0 = Release|x64
		{559B5542-481F-4FA2-8A39-3419C677434D}.AppStore|x86.ActiveCfg = Release|x86
		{559B5542-481F-4FA2-8A39-3419C677434D}.AppStore|x86.Build.0 = Release|x86
		{559B5542-481F-4FA2-8A39-3419C677434D}.AppStore|x86.Deploy.0 = Release|x86
		{559B5542-481F-4FA2-8A39-3419C677434D}.Debug|Any CPU.ActiveCfg = Debug|x86
		{559B5542-481F-4FA2-8A39-3419C677434D}.Debug|ARM.ActiveCfg = Debug|ARM
		{559B5542-481F-4FA2-8A39-3419C677434D}.Debug|ARM.Build.0 = Debug|ARM
		{559B5542-481F-4FA2-8A39-3419C677434D}.Debug|ARM.Deploy.0 = Debug|ARM
		{559B5542-481F-4FA2-8A39-3419C677434D}.Debug|iPhone.ActiveCfg = Debug|x86
		{559B5542-481F-4FA2-8A39-3419C677434D}.Debug|iPhoneSimulator.ActiveCfg = Debug|x86
		{559B5542-481F-4FA2-8A39-3419C677434D}.Debug|x64.ActiveCfg = Debug|x64
		{559B5542-481F-4FA2-8A39-3419C677434D}.Debug|x64.Build.0 = Debug|x64
		{559B5542-481F-4FA2-8A39-3419C677434D}.Debug|x64.Deploy.0 = Debug|x64
		{559B5542-481F-4FA2-8A39-3419C677434D}.Debug|x86.ActiveCfg = Debug|x86
		{559B5542-481F-4FA2-8A39-3419C677434D}.Debug|x86.Build.0 = Debug|x86
		{559B5542-481F-4FA2-8A39-3419C677434D}.Debug|x86.Deploy.0 = Debug|x86
		{559B5542-481F-4FA2-8A39-3419C677434D}.Release|Any CPU.ActiveCfg = Release|x86
		{559B5542-481F-4FA2-8A39-3419C677434D}.Release|ARM.ActiveCfg = Release|ARM
		{559B5542-481F-4FA2-8A39-3419C677434D}.Release|ARM.Build.0 = Release|ARM
		{559B5542-481F-4FA2-8A39-3419C677434D}.Release|ARM.Deploy.0 = Release|ARM
		{559B5542-481F-4FA2-8A39-3419C677434D}.Release|iPhone.ActiveCfg = Release|x86
		{559B5542-481F-4FA2-8A39-3419C677434D}.Release|iPhoneSimulator.ActiveCfg = Release|x86
		{559B5542-481F-4FA2-8A39-3419C677434D}.Release|x64.ActiveCfg = Release|x64
		{559B5542-481F-4FA2-8A39-3419C677434D}.Release|x64.Build.0 = Release|x64
		{559B5542-481F-4FA2-8A39-3419C677434D}.Release|x64.Deploy.0 = Release|x64
		{559B5542-481F-4FA2-8A39-3419C677434D}.Release|x86.ActiveCfg = Release|x86
		{559B5542-481F-4FA2-8A39-3419C677434D}.Release|x86.Build.0 = Release|x86
		{559B5542-481F-4FA2-8A39-3419C677434D}.Release|x86.Deploy.0 = Release|x86
		{599B945A-23D0-424C-BF73-7BEB098AD660}.Ad-Hoc|Any CPU.ActiveCfg = Debug|Any CPU
		{599B945A-23D0-424C-BF73-7BEB098AD660}.Ad-Hoc|Any CPU.Build.0 = Debug|Any CPU
		{599B945A-23D0-424C-BF73-7BEB098AD660}.Ad-Hoc|ARM.ActiveCfg = Debug|Any CPU
		{599B945A-23D0-424C-BF73-7BEB098AD660}.Ad-Hoc|ARM.Build.0 = Debug|Any CPU
		{599B945A-23D0-424C-BF73-7BEB098AD660}.Ad-Hoc|iPhone.ActiveCfg = Debug|Any CPU
		{599B945A-23D0-424C-BF73-7BEB098AD660}.Ad-Hoc|iPhone.Build.0 = Debug|Any CPU
		{599B945A-23D0-424C-BF73-7BEB098AD660}.Ad-Hoc|iPhoneSimulator.ActiveCfg = Debug|Any CPU
		{599B945A-23D0-424C-BF73-7BEB098AD660}.Ad-Hoc|iPhoneSimulator.Build.0 = Debug|Any CPU
		{599B945A-23D0-424C-BF73-7BEB098AD660}.Ad-Hoc|x64.ActiveCfg = Debug|Any CPU
		{599B945A-23D0-424C-BF73-7BEB098AD660}.Ad-Hoc|x64.Build.0 = Debug|Any CPU
		{599B945A-23D0-424C-BF73-7BEB098AD660}.Ad-Hoc|x86.ActiveCfg = Debug|Any CPU
		{599B945A-23D0-424C-BF73-7BEB098AD660}.Ad-Hoc|x86.Build.0 = Debug|Any CPU
		{599B945A-23D0-424C-BF73-7BEB098AD660}.AppStore|Any CPU.ActiveCfg = Debug|Any CPU
		{599B945A-23D0-424C-BF73-7BEB098AD660}.AppStore|Any CPU.Build.0 = Debug|Any CPU
		{599B945A-23D0-424C-BF73-7BEB098AD660}.AppStore|ARM.ActiveCfg = Debug|Any CPU
		{599B945A-23D0-424C-BF73-7BEB098AD660}.AppStore|ARM.Build.0 = Debug|Any CPU
		{599B945A-23D0-424C-BF73-7BEB098AD660}.AppStore|iPhone.ActiveCfg = Debug|Any CPU
		{599B945A-23D0-424C-BF73-7BEB098AD660}.AppStore|iPhone.Build.0 = Debug|Any CPU
		{599B945A-23D0-424C-BF73-7BEB098AD660}.AppStore|iPhoneSimulator.ActiveCfg = Debug|Any CPU
		{599B945A-23D0-424C-BF73-7BEB098AD660}.AppStore|iPhoneSimulator.Build.0 = Debug|Any CPU
		{599B945A-23D0-424C-BF73-7BEB098AD660}.AppStore|x64.ActiveCfg = Debug|Any CPU
		{599B945A-23D0-424C-BF73-7BEB098AD660}.AppStore|x64.Build.0 = Debug|Any CPU
		{599B945A-23D0-424C-BF73-7BEB098AD660}.AppStore|x86.ActiveCfg = Debug|Any CPU
		{599B945A-23D0-424C-BF73-7BEB098AD660}.AppStore|x86.Build.0 = Debug|Any CPU
		{599B945A-23D0-424C-BF73-7BEB098AD660}.Debug|Any CPU.ActiveCfg = Debug|Any CPU
		{599B945A-23D0-424C-BF73-7BEB098AD660}.Debug|Any CPU.Build.0 = Debug|Any CPU
		{599B945A-23D0-424C-BF73-7BEB098AD660}.Debug|ARM.ActiveCfg = Debug|Any CPU
		{599B945A-23D0-424C-BF73-7BEB098AD660}.Debug|ARM.Build.0 = Debug|Any CPU
		{599B945A-23D0-424C-BF73-7BEB098AD660}.Debug|iPhone.ActiveCfg = Debug|Any CPU
		{599B945A-23D0-424C-BF73-7BEB098AD660}.Debug|iPhone.Build.0 = Debug|Any CPU
		{599B945A-23D0-424C-BF73-7BEB098AD660}.Debug|iPhoneSimulator.ActiveCfg = Debug|Any CPU
		{599B945A-23D0-424C-BF73-7BEB098AD660}.Debug|iPhoneSimulator.Build.0 = Debug|Any CPU
		{599B945A-23D0-424C-BF73-7BEB098AD660}.Debug|x64.ActiveCfg = Debug|Any CPU
		{599B945A-23D0-424C-BF73-7BEB098AD660}.Debug|x64.Build.0 = Debug|Any CPU
		{599B945A-23D0-424C-BF73-7BEB098AD660}.Debug|x86.ActiveCfg = Debug|Any CPU
		{599B945A-23D0-424C-BF73-7BEB098AD660}.Debug|x86.Build.0 = Debug|Any CPU
		{599B945A-23D0-424C-BF73-7BEB098AD660}.Release|Any CPU.ActiveCfg = Release|Any CPU
		{599B945A-23D0-424C-BF73-7BEB098AD660}.Release|Any CPU.Build.0 = Release|Any CPU
		{599B945A-23D0-424C-BF73-7BEB098AD660}.Release|ARM.ActiveCfg = Release|Any CPU
		{599B945A-23D0-424C-BF73-7BEB098AD660}.Release|ARM.Build.0 = Release|Any CPU
		{599B945A-23D0-424C-BF73-7BEB098AD660}.Release|iPhone.ActiveCfg = Release|Any CPU
		{599B945A-23D0-424C-BF73-7BEB098AD660}.Release|iPhone.Build.0 = Release|Any CPU
		{599B945A-23D0-424C-BF73-7BEB098AD660}.Release|iPhoneSimulator.ActiveCfg = Release|Any CPU
		{599B945A-23D0-424C-BF73-7BEB098AD660}.Release|iPhoneSimulator.Build.0 = Release|Any CPU
		{599B945A-23D0-424C-BF73-7BEB098AD660}.Release|x64.ActiveCfg = Release|Any CPU
		{599B945A-23D0-424C-BF73-7BEB098AD660}.Release|x64.Build.0 = Release|Any CPU
		{599B945A-23D0-424C-BF73-7BEB098AD660}.Release|x86.ActiveCfg = Release|Any CPU
		{599B945A-23D0-424C-BF73-7BEB098AD660}.Release|x86.Build.0 = Release|Any CPU
		{5C4C321E-6697-4469-B6E4-B64460B32BB0}.Ad-Hoc|Any CPU.ActiveCfg = Debug|Any CPU
		{5C4C321E-6697-4469-B6E4-B64460B32BB0}.Ad-Hoc|Any CPU.Build.0 = Debug|Any CPU
		{5C4C321E-6697-4469-B6E4-B64460B32BB0}.Ad-Hoc|ARM.ActiveCfg = Debug|Any CPU
		{5C4C321E-6697-4469-B6E4-B64460B32BB0}.Ad-Hoc|ARM.Build.0 = Debug|Any CPU
		{5C4C321E-6697-4469-B6E4-B64460B32BB0}.Ad-Hoc|iPhone.ActiveCfg = Debug|Any CPU
		{5C4C321E-6697-4469-B6E4-B64460B32BB0}.Ad-Hoc|iPhone.Build.0 = Debug|Any CPU
		{5C4C321E-6697-4469-B6E4-B64460B32BB0}.Ad-Hoc|iPhoneSimulator.ActiveCfg = Debug|Any CPU
		{5C4C321E-6697-4469-B6E4-B64460B32BB0}.Ad-Hoc|iPhoneSimulator.Build.0 = Debug|Any CPU
		{5C4C321E-6697-4469-B6E4-B64460B32BB0}.Ad-Hoc|x64.ActiveCfg = Debug|Any CPU
		{5C4C321E-6697-4469-B6E4-B64460B32BB0}.Ad-Hoc|x64.Build.0 = Debug|Any CPU
		{5C4C321E-6697-4469-B6E4-B64460B32BB0}.Ad-Hoc|x86.ActiveCfg = Debug|Any CPU
		{5C4C321E-6697-4469-B6E4-B64460B32BB0}.Ad-Hoc|x86.Build.0 = Debug|Any CPU
		{5C4C321E-6697-4469-B6E4-B64460B32BB0}.AppStore|Any CPU.ActiveCfg = Debug|Any CPU
		{5C4C321E-6697-4469-B6E4-B64460B32BB0}.AppStore|Any CPU.Build.0 = Debug|Any CPU
		{5C4C321E-6697-4469-B6E4-B64460B32BB0}.AppStore|ARM.ActiveCfg = Debug|Any CPU
		{5C4C321E-6697-4469-B6E4-B64460B32BB0}.AppStore|ARM.Build.0 = Debug|Any CPU
		{5C4C321E-6697-4469-B6E4-B64460B32BB0}.AppStore|iPhone.ActiveCfg = Debug|Any CPU
		{5C4C321E-6697-4469-B6E4-B64460B32BB0}.AppStore|iPhone.Build.0 = Debug|Any CPU
		{5C4C321E-6697-4469-B6E4-B64460B32BB0}.AppStore|iPhoneSimulator.ActiveCfg = Debug|Any CPU
		{5C4C321E-6697-4469-B6E4-B64460B32BB0}.AppStore|iPhoneSimulator.Build.0 = Debug|Any CPU
		{5C4C321E-6697-4469-B6E4-B64460B32BB0}.AppStore|x64.ActiveCfg = Debug|Any CPU
		{5C4C321E-6697-4469-B6E4-B64460B32BB0}.AppStore|x64.Build.0 = Debug|Any CPU
		{5C4C321E-6697-4469-B6E4-B64460B32BB0}.AppStore|x86.ActiveCfg = Debug|Any CPU
		{5C4C321E-6697-4469-B6E4-B64460B32BB0}.AppStore|x86.Build.0 = Debug|Any CPU
		{5C4C321E-6697-4469-B6E4-B64460B32BB0}.Debug|Any CPU.ActiveCfg = Debug|Any CPU
		{5C4C321E-6697-4469-B6E4-B64460B32BB0}.Debug|Any CPU.Build.0 = Debug|Any CPU
		{5C4C321E-6697-4469-B6E4-B64460B32BB0}.Debug|ARM.ActiveCfg = Debug|Any CPU
		{5C4C321E-6697-4469-B6E4-B64460B32BB0}.Debug|ARM.Build.0 = Debug|Any CPU
		{5C4C321E-6697-4469-B6E4-B64460B32BB0}.Debug|iPhone.ActiveCfg = Debug|Any CPU
		{5C4C321E-6697-4469-B6E4-B64460B32BB0}.Debug|iPhone.Build.0 = Debug|Any CPU
		{5C4C321E-6697-4469-B6E4-B64460B32BB0}.Debug|iPhoneSimulator.ActiveCfg = Debug|Any CPU
		{5C4C321E-6697-4469-B6E4-B64460B32BB0}.Debug|iPhoneSimulator.Build.0 = Debug|Any CPU
		{5C4C321E-6697-4469-B6E4-B64460B32BB0}.Debug|x64.ActiveCfg = Debug|Any CPU
		{5C4C321E-6697-4469-B6E4-B64460B32BB0}.Debug|x64.Build.0 = Debug|Any CPU
		{5C4C321E-6697-4469-B6E4-B64460B32BB0}.Debug|x86.ActiveCfg = Debug|Any CPU
		{5C4C321E-6697-4469-B6E4-B64460B32BB0}.Debug|x86.Build.0 = Debug|Any CPU
		{5C4C321E-6697-4469-B6E4-B64460B32BB0}.Release|Any CPU.ActiveCfg = Release|Any CPU
		{5C4C321E-6697-4469-B6E4-B64460B32BB0}.Release|Any CPU.Build.0 = Release|Any CPU
		{5C4C321E-6697-4469-B6E4-B64460B32BB0}.Release|ARM.ActiveCfg = Release|Any CPU
		{5C4C321E-6697-4469-B6E4-B64460B32BB0}.Release|ARM.Build.0 = Release|Any CPU
		{5C4C321E-6697-4469-B6E4-B64460B32BB0}.Release|iPhone.ActiveCfg = Release|Any CPU
		{5C4C321E-6697-4469-B6E4-B64460B32BB0}.Release|iPhone.Build.0 = Release|Any CPU
		{5C4C321E-6697-4469-B6E4-B64460B32BB0}.Release|iPhoneSimulator.ActiveCfg = Release|Any CPU
		{5C4C321E-6697-4469-B6E4-B64460B32BB0}.Release|iPhoneSimulator.Build.0 = Release|Any CPU
		{5C4C321E-6697-4469-B6E4-B64460B32BB0}.Release|x64.ActiveCfg = Release|Any CPU
		{5C4C321E-6697-4469-B6E4-B64460B32BB0}.Release|x64.Build.0 = Release|Any CPU
		{5C4C321E-6697-4469-B6E4-B64460B32BB0}.Release|x86.ActiveCfg = Release|Any CPU
		{5C4C321E-6697-4469-B6E4-B64460B32BB0}.Release|x86.Build.0 = Release|Any CPU
		{77E4D61B-D66C-485B-B6C9-1AF5F05D0184}.Ad-Hoc|Any CPU.ActiveCfg = Release|Any CPU
		{77E4D61B-D66C-485B-B6C9-1AF5F05D0184}.Ad-Hoc|Any CPU.Build.0 = Release|Any CPU
		{77E4D61B-D66C-485B-B6C9-1AF5F05D0184}.Ad-Hoc|ARM.ActiveCfg = Release|Any CPU
		{77E4D61B-D66C-485B-B6C9-1AF5F05D0184}.Ad-Hoc|ARM.Build.0 = Release|Any CPU
		{77E4D61B-D66C-485B-B6C9-1AF5F05D0184}.Ad-Hoc|iPhone.ActiveCfg = Release|Any CPU
		{77E4D61B-D66C-485B-B6C9-1AF5F05D0184}.Ad-Hoc|iPhone.Build.0 = Release|Any CPU
		{77E4D61B-D66C-485B-B6C9-1AF5F05D0184}.Ad-Hoc|iPhoneSimulator.ActiveCfg = Release|Any CPU
		{77E4D61B-D66C-485B-B6C9-1AF5F05D0184}.Ad-Hoc|iPhoneSimulator.Build.0 = Release|Any CPU
		{77E4D61B-D66C-485B-B6C9-1AF5F05D0184}.Ad-Hoc|x64.ActiveCfg = Release|Any CPU
		{77E4D61B-D66C-485B-B6C9-1AF5F05D0184}.Ad-Hoc|x64.Build.0 = Release|Any CPU
		{77E4D61B-D66C-485B-B6C9-1AF5F05D0184}.Ad-Hoc|x86.ActiveCfg = Release|Any CPU
		{77E4D61B-D66C-485B-B6C9-1AF5F05D0184}.Ad-Hoc|x86.Build.0 = Release|Any CPU
		{77E4D61B-D66C-485B-B6C9-1AF5F05D0184}.AppStore|Any CPU.ActiveCfg = Release|Any CPU
		{77E4D61B-D66C-485B-B6C9-1AF5F05D0184}.AppStore|Any CPU.Build.0 = Release|Any CPU
		{77E4D61B-D66C-485B-B6C9-1AF5F05D0184}.AppStore|ARM.ActiveCfg = Release|Any CPU
		{77E4D61B-D66C-485B-B6C9-1AF5F05D0184}.AppStore|ARM.Build.0 = Release|Any CPU
		{77E4D61B-D66C-485B-B6C9-1AF5F05D0184}.AppStore|iPhone.ActiveCfg = Release|Any CPU
		{77E4D61B-D66C-485B-B6C9-1AF5F05D0184}.AppStore|iPhone.Build.0 = Release|Any CPU
		{77E4D61B-D66C-485B-B6C9-1AF5F05D0184}.AppStore|iPhoneSimulator.ActiveCfg = Release|Any CPU
		{77E4D61B-D66C-485B-B6C9-1AF5F05D0184}.AppStore|iPhoneSimulator.Build.0 = Release|Any CPU
		{77E4D61B-D66C-485B-B6C9-1AF5F05D0184}.AppStore|x64.ActiveCfg = Release|Any CPU
		{77E4D61B-D66C-485B-B6C9-1AF5F05D0184}.AppStore|x64.Build.0 = Release|Any CPU
		{77E4D61B-D66C-485B-B6C9-1AF5F05D0184}.AppStore|x86.ActiveCfg = Release|Any CPU
		{77E4D61B-D66C-485B-B6C9-1AF5F05D0184}.AppStore|x86.Build.0 = Release|Any CPU
		{77E4D61B-D66C-485B-B6C9-1AF5F05D0184}.Debug|Any CPU.ActiveCfg = Debug|Any CPU
		{77E4D61B-D66C-485B-B6C9-1AF5F05D0184}.Debug|Any CPU.Build.0 = Debug|Any CPU
		{77E4D61B-D66C-485B-B6C9-1AF5F05D0184}.Debug|ARM.ActiveCfg = Debug|Any CPU
		{77E4D61B-D66C-485B-B6C9-1AF5F05D0184}.Debug|ARM.Build.0 = Debug|Any CPU
		{77E4D61B-D66C-485B-B6C9-1AF5F05D0184}.Debug|iPhone.ActiveCfg = Debug|Any CPU
		{77E4D61B-D66C-485B-B6C9-1AF5F05D0184}.Debug|iPhone.Build.0 = Debug|Any CPU
		{77E4D61B-D66C-485B-B6C9-1AF5F05D0184}.Debug|iPhoneSimulator.ActiveCfg = Debug|Any CPU
		{77E4D61B-D66C-485B-B6C9-1AF5F05D0184}.Debug|iPhoneSimulator.Build.0 = Debug|Any CPU
		{77E4D61B-D66C-485B-B6C9-1AF5F05D0184}.Debug|x64.ActiveCfg = Debug|Any CPU
		{77E4D61B-D66C-485B-B6C9-1AF5F05D0184}.Debug|x64.Build.0 = Debug|Any CPU
		{77E4D61B-D66C-485B-B6C9-1AF5F05D0184}.Debug|x86.ActiveCfg = Debug|Any CPU
		{77E4D61B-D66C-485B-B6C9-1AF5F05D0184}.Debug|x86.Build.0 = Debug|Any CPU
		{77E4D61B-D66C-485B-B6C9-1AF5F05D0184}.Release|Any CPU.ActiveCfg = Release|Any CPU
		{77E4D61B-D66C-485B-B6C9-1AF5F05D0184}.Release|Any CPU.Build.0 = Release|Any CPU
		{77E4D61B-D66C-485B-B6C9-1AF5F05D0184}.Release|ARM.ActiveCfg = Release|Any CPU
		{77E4D61B-D66C-485B-B6C9-1AF5F05D0184}.Release|ARM.Build.0 = Release|Any CPU
		{77E4D61B-D66C-485B-B6C9-1AF5F05D0184}.Release|iPhone.ActiveCfg = Release|Any CPU
		{77E4D61B-D66C-485B-B6C9-1AF5F05D0184}.Release|iPhone.Build.0 = Release|Any CPU
		{77E4D61B-D66C-485B-B6C9-1AF5F05D0184}.Release|iPhoneSimulator.ActiveCfg = Release|Any CPU
		{77E4D61B-D66C-485B-B6C9-1AF5F05D0184}.Release|iPhoneSimulator.Build.0 = Release|Any CPU
		{77E4D61B-D66C-485B-B6C9-1AF5F05D0184}.Release|x64.ActiveCfg = Release|Any CPU
		{77E4D61B-D66C-485B-B6C9-1AF5F05D0184}.Release|x64.Build.0 = Release|Any CPU
		{77E4D61B-D66C-485B-B6C9-1AF5F05D0184}.Release|x86.ActiveCfg = Release|Any CPU
		{77E4D61B-D66C-485B-B6C9-1AF5F05D0184}.Release|x86.Build.0 = Release|Any CPU
		{A165AA77-FA73-4883-84DA-E7B76B509C70}.Ad-Hoc|Any CPU.ActiveCfg = Release|x64
		{A165AA77-FA73-4883-84DA-E7B76B509C70}.Ad-Hoc|Any CPU.Build.0 = Release|x64
		{A165AA77-FA73-4883-84DA-E7B76B509C70}.Ad-Hoc|Any CPU.Deploy.0 = Release|x64
		{A165AA77-FA73-4883-84DA-E7B76B509C70}.Ad-Hoc|ARM.ActiveCfg = Release|ARM
		{A165AA77-FA73-4883-84DA-E7B76B509C70}.Ad-Hoc|ARM.Build.0 = Release|ARM
		{A165AA77-FA73-4883-84DA-E7B76B509C70}.Ad-Hoc|ARM.Deploy.0 = Release|ARM
		{A165AA77-FA73-4883-84DA-E7B76B509C70}.Ad-Hoc|iPhone.ActiveCfg = Release|x64
		{A165AA77-FA73-4883-84DA-E7B76B509C70}.Ad-Hoc|iPhone.Build.0 = Release|x64
		{A165AA77-FA73-4883-84DA-E7B76B509C70}.Ad-Hoc|iPhone.Deploy.0 = Release|x64
		{A165AA77-FA73-4883-84DA-E7B76B509C70}.Ad-Hoc|iPhoneSimulator.ActiveCfg = Release|x64
		{A165AA77-FA73-4883-84DA-E7B76B509C70}.Ad-Hoc|iPhoneSimulator.Build.0 = Release|x64
		{A165AA77-FA73-4883-84DA-E7B76B509C70}.Ad-Hoc|iPhoneSimulator.Deploy.0 = Release|x64
		{A165AA77-FA73-4883-84DA-E7B76B509C70}.Ad-Hoc|x64.ActiveCfg = Release|x64
		{A165AA77-FA73-4883-84DA-E7B76B509C70}.Ad-Hoc|x64.Build.0 = Release|x64
		{A165AA77-FA73-4883-84DA-E7B76B509C70}.Ad-Hoc|x64.Deploy.0 = Release|x64
		{A165AA77-FA73-4883-84DA-E7B76B509C70}.Ad-Hoc|x86.ActiveCfg = Release|x86
		{A165AA77-FA73-4883-84DA-E7B76B509C70}.Ad-Hoc|x86.Build.0 = Release|x86
		{A165AA77-FA73-4883-84DA-E7B76B509C70}.Ad-Hoc|x86.Deploy.0 = Release|x86
		{A165AA77-FA73-4883-84DA-E7B76B509C70}.AppStore|Any CPU.ActiveCfg = Release|x64
		{A165AA77-FA73-4883-84DA-E7B76B509C70}.AppStore|Any CPU.Build.0 = Release|x64
		{A165AA77-FA73-4883-84DA-E7B76B509C70}.AppStore|Any CPU.Deploy.0 = Release|x64
		{A165AA77-FA73-4883-84DA-E7B76B509C70}.AppStore|ARM.ActiveCfg = Release|ARM
		{A165AA77-FA73-4883-84DA-E7B76B509C70}.AppStore|ARM.Build.0 = Release|ARM
		{A165AA77-FA73-4883-84DA-E7B76B509C70}.AppStore|ARM.Deploy.0 = Release|ARM
		{A165AA77-FA73-4883-84DA-E7B76B509C70}.AppStore|iPhone.ActiveCfg = Release|x64
		{A165AA77-FA73-4883-84DA-E7B76B509C70}.AppStore|iPhone.Build.0 = Release|x64
		{A165AA77-FA73-4883-84DA-E7B76B509C70}.AppStore|iPhone.Deploy.0 = Release|x64
		{A165AA77-FA73-4883-84DA-E7B76B509C70}.AppStore|iPhoneSimulator.ActiveCfg = Release|x64
		{A165AA77-FA73-4883-84DA-E7B76B509C70}.AppStore|iPhoneSimulator.Build.0 = Release|x64
		{A165AA77-FA73-4883-84DA-E7B76B509C70}.AppStore|iPhoneSimulator.Deploy.0 = Release|x64
		{A165AA77-FA73-4883-84DA-E7B76B509C70}.AppStore|x64.ActiveCfg = Release|x64
		{A165AA77-FA73-4883-84DA-E7B76B509C70}.AppStore|x64.Build.0 = Release|x64
		{A165AA77-FA73-4883-84DA-E7B76B509C70}.AppStore|x64.Deploy.0 = Release|x64
		{A165AA77-FA73-4883-84DA-E7B76B509C70}.AppStore|x86.ActiveCfg = Release|x86
		{A165AA77-FA73-4883-84DA-E7B76B509C70}.AppStore|x86.Build.0 = Release|x86
		{A165AA77-FA73-4883-84DA-E7B76B509C70}.AppStore|x86.Deploy.0 = Release|x86
		{A165AA77-FA73-4883-84DA-E7B76B509C70}.Debug|Any CPU.ActiveCfg = Debug|x86
		{A165AA77-FA73-4883-84DA-E7B76B509C70}.Debug|ARM.ActiveCfg = Debug|ARM
		{A165AA77-FA73-4883-84DA-E7B76B509C70}.Debug|ARM.Build.0 = Debug|ARM
		{A165AA77-FA73-4883-84DA-E7B76B509C70}.Debug|ARM.Deploy.0 = Debug|ARM
		{A165AA77-FA73-4883-84DA-E7B76B509C70}.Debug|iPhone.ActiveCfg = Debug|x86
		{A165AA77-FA73-4883-84DA-E7B76B509C70}.Debug|iPhoneSimulator.ActiveCfg = Debug|x86
		{A165AA77-FA73-4883-84DA-E7B76B509C70}.Debug|x64.ActiveCfg = Debug|x64
		{A165AA77-FA73-4883-84DA-E7B76B509C70}.Debug|x64.Build.0 = Debug|x64
		{A165AA77-FA73-4883-84DA-E7B76B509C70}.Debug|x64.Deploy.0 = Debug|x64
		{A165AA77-FA73-4883-84DA-E7B76B509C70}.Debug|x86.ActiveCfg = Debug|x86
		{A165AA77-FA73-4883-84DA-E7B76B509C70}.Debug|x86.Build.0 = Debug|x86
		{A165AA77-FA73-4883-84DA-E7B76B509C70}.Debug|x86.Deploy.0 = Debug|x86
		{A165AA77-FA73-4883-84DA-E7B76B509C70}.Release|Any CPU.ActiveCfg = Release|x86
		{A165AA77-FA73-4883-84DA-E7B76B509C70}.Release|ARM.ActiveCfg = Release|ARM
		{A165AA77-FA73-4883-84DA-E7B76B509C70}.Release|ARM.Build.0 = Release|ARM
		{A165AA77-FA73-4883-84DA-E7B76B509C70}.Release|ARM.Deploy.0 = Release|ARM
		{A165AA77-FA73-4883-84DA-E7B76B509C70}.Release|iPhone.ActiveCfg = Release|x86
		{A165AA77-FA73-4883-84DA-E7B76B509C70}.Release|iPhoneSimulator.ActiveCfg = Release|x86
		{A165AA77-FA73-4883-84DA-E7B76B509C70}.Release|x64.ActiveCfg = Release|x64
		{A165AA77-FA73-4883-84DA-E7B76B509C70}.Release|x64.Build.0 = Release|x64
		{A165AA77-FA73-4883-84DA-E7B76B509C70}.Release|x64.Deploy.0 = Release|x64
		{A165AA77-FA73-4883-84DA-E7B76B509C70}.Release|x86.ActiveCfg = Release|x86
		{A165AA77-FA73-4883-84DA-E7B76B509C70}.Release|x86.Build.0 = Release|x86
		{A165AA77-FA73-4883-84DA-E7B76B509C70}.Release|x86.Deploy.0 = Release|x86
		{6579ED62-AA0D-4E3E-B04B-882BEB3AE9E1}.Ad-Hoc|Any CPU.ActiveCfg = Debug|Any CPU
		{6579ED62-AA0D-4E3E-B04B-882BEB3AE9E1}.Ad-Hoc|Any CPU.Build.0 = Debug|Any CPU
		{6579ED62-AA0D-4E3E-B04B-882BEB3AE9E1}.Ad-Hoc|ARM.ActiveCfg = Debug|Any CPU
		{6579ED62-AA0D-4E3E-B04B-882BEB3AE9E1}.Ad-Hoc|ARM.Build.0 = Debug|Any CPU
		{6579ED62-AA0D-4E3E-B04B-882BEB3AE9E1}.Ad-Hoc|iPhone.ActiveCfg = Debug|Any CPU
		{6579ED62-AA0D-4E3E-B04B-882BEB3AE9E1}.Ad-Hoc|iPhone.Build.0 = Debug|Any CPU
		{6579ED62-AA0D-4E3E-B04B-882BEB3AE9E1}.Ad-Hoc|iPhoneSimulator.ActiveCfg = Debug|Any CPU
		{6579ED62-AA0D-4E3E-B04B-882BEB3AE9E1}.Ad-Hoc|iPhoneSimulator.Build.0 = Debug|Any CPU
		{6579ED62-AA0D-4E3E-B04B-882BEB3AE9E1}.Ad-Hoc|x64.ActiveCfg = Debug|Any CPU
		{6579ED62-AA0D-4E3E-B04B-882BEB3AE9E1}.Ad-Hoc|x64.Build.0 = Debug|Any CPU
		{6579ED62-AA0D-4E3E-B04B-882BEB3AE9E1}.Ad-Hoc|x86.ActiveCfg = Debug|Any CPU
		{6579ED62-AA0D-4E3E-B04B-882BEB3AE9E1}.Ad-Hoc|x86.Build.0 = Debug|Any CPU
		{6579ED62-AA0D-4E3E-B04B-882BEB3AE9E1}.AppStore|Any CPU.ActiveCfg = Debug|Any CPU
		{6579ED62-AA0D-4E3E-B04B-882BEB3AE9E1}.AppStore|Any CPU.Build.0 = Debug|Any CPU
		{6579ED62-AA0D-4E3E-B04B-882BEB3AE9E1}.AppStore|ARM.ActiveCfg = Debug|Any CPU
		{6579ED62-AA0D-4E3E-B04B-882BEB3AE9E1}.AppStore|ARM.Build.0 = Debug|Any CPU
		{6579ED62-AA0D-4E3E-B04B-882BEB3AE9E1}.AppStore|iPhone.ActiveCfg = Debug|Any CPU
		{6579ED62-AA0D-4E3E-B04B-882BEB3AE9E1}.AppStore|iPhone.Build.0 = Debug|Any CPU
		{6579ED62-AA0D-4E3E-B04B-882BEB3AE9E1}.AppStore|iPhoneSimulator.ActiveCfg = Debug|Any CPU
		{6579ED62-AA0D-4E3E-B04B-882BEB3AE9E1}.AppStore|iPhoneSimulator.Build.0 = Debug|Any CPU
		{6579ED62-AA0D-4E3E-B04B-882BEB3AE9E1}.AppStore|x64.ActiveCfg = Debug|Any CPU
		{6579ED62-AA0D-4E3E-B04B-882BEB3AE9E1}.AppStore|x64.Build.0 = Debug|Any CPU
		{6579ED62-AA0D-4E3E-B04B-882BEB3AE9E1}.AppStore|x86.ActiveCfg = Debug|Any CPU
		{6579ED62-AA0D-4E3E-B04B-882BEB3AE9E1}.AppStore|x86.Build.0 = Debug|Any CPU
		{6579ED62-AA0D-4E3E-B04B-882BEB3AE9E1}.Debug|Any CPU.ActiveCfg = Debug|Any CPU
		{6579ED62-AA0D-4E3E-B04B-882BEB3AE9E1}.Debug|Any CPU.Build.0 = Debug|Any CPU
		{6579ED62-AA0D-4E3E-B04B-882BEB3AE9E1}.Debug|ARM.ActiveCfg = Debug|Any CPU
		{6579ED62-AA0D-4E3E-B04B-882BEB3AE9E1}.Debug|ARM.Build.0 = Debug|Any CPU
		{6579ED62-AA0D-4E3E-B04B-882BEB3AE9E1}.Debug|iPhone.ActiveCfg = Debug|Any CPU
		{6579ED62-AA0D-4E3E-B04B-882BEB3AE9E1}.Debug|iPhone.Build.0 = Debug|Any CPU
		{6579ED62-AA0D-4E3E-B04B-882BEB3AE9E1}.Debug|iPhoneSimulator.ActiveCfg = Debug|Any CPU
		{6579ED62-AA0D-4E3E-B04B-882BEB3AE9E1}.Debug|iPhoneSimulator.Build.0 = Debug|Any CPU
		{6579ED62-AA0D-4E3E-B04B-882BEB3AE9E1}.Debug|x64.ActiveCfg = Debug|Any CPU
		{6579ED62-AA0D-4E3E-B04B-882BEB3AE9E1}.Debug|x64.Build.0 = Debug|Any CPU
		{6579ED62-AA0D-4E3E-B04B-882BEB3AE9E1}.Debug|x86.ActiveCfg = Debug|Any CPU
		{6579ED62-AA0D-4E3E-B04B-882BEB3AE9E1}.Debug|x86.Build.0 = Debug|Any CPU
		{6579ED62-AA0D-4E3E-B04B-882BEB3AE9E1}.Release|Any CPU.ActiveCfg = Release|Any CPU
		{6579ED62-AA0D-4E3E-B04B-882BEB3AE9E1}.Release|Any CPU.Build.0 = Release|Any CPU
		{6579ED62-AA0D-4E3E-B04B-882BEB3AE9E1}.Release|ARM.ActiveCfg = Release|Any CPU
		{6579ED62-AA0D-4E3E-B04B-882BEB3AE9E1}.Release|ARM.Build.0 = Release|Any CPU
		{6579ED62-AA0D-4E3E-B04B-882BEB3AE9E1}.Release|iPhone.ActiveCfg = Release|Any CPU
		{6579ED62-AA0D-4E3E-B04B-882BEB3AE9E1}.Release|iPhone.Build.0 = Release|Any CPU
		{6579ED62-AA0D-4E3E-B04B-882BEB3AE9E1}.Release|iPhoneSimulator.ActiveCfg = Release|Any CPU
		{6579ED62-AA0D-4E3E-B04B-882BEB3AE9E1}.Release|iPhoneSimulator.Build.0 = Release|Any CPU
		{6579ED62-AA0D-4E3E-B04B-882BEB3AE9E1}.Release|x64.ActiveCfg = Release|Any CPU
		{6579ED62-AA0D-4E3E-B04B-882BEB3AE9E1}.Release|x64.Build.0 = Release|Any CPU
		{6579ED62-AA0D-4E3E-B04B-882BEB3AE9E1}.Release|x86.ActiveCfg = Release|Any CPU
		{6579ED62-AA0D-4E3E-B04B-882BEB3AE9E1}.Release|x86.Build.0 = Release|Any CPU
	EndGlobalSection
	GlobalSection(SolutionProperties) = preSolution
		HideSolutionNode = FALSE
	EndGlobalSection
	GlobalSection(ExtensibilityGlobals) = postSolution
		SolutionGuid = {CCBB0EC0-CCAA-461B-8372-344C99EA5EBD}
	EndGlobalSection
EndGlobal
